
Microsoft Visual Studio Solution File, Format Version 12.00
# Visual Studio Version 16
VisualStudioVersion = 16.0.30523.141
MinimumVisualStudioVersion = 10.0.40219.1
Project("{FAE04EC0-301F-11D3-BF4B-00C04F79EFBC}") = "DemoWebApp1", "DemoWebApp1.csproj", "{E1040EAC-3ECF-47C4-B50E-DD1056802BF0}"
EndProject
Global
	GlobalSection(SolutionConfigurationPlatforms) = preSolution
		Debug|Any CPU = Debug|Any CPU
		Release|Any CPU = Release|Any CPU
	EndGlobalSection
	GlobalSection(ProjectConfigurationPlatforms) = postSolution
		{E1040EAC-3ECF-47C4-B50E-DD1056802BF0}.Debug|Any CPU.ActiveCfg = Debug|Any CPU
		{E1040EAC-3ECF-47C4-B50E-DD1056802BF0}.Debug|Any CPU.Build.0 = Debug|Any CPU
		{E1040EAC-3ECF-47C4-B50E-DD1056802BF0}.Release|Any CPU.ActiveCfg = Release|Any CPU
		{E1040EAC-3ECF-47C4-B50E-DD1056802BF0}.Release|Any CPU.Build.0 = Release|Any CPU
	EndGlobalSection
	GlobalSection(SolutionProperties) = preSolution
		HideSolutionNode = FALSE
	EndGlobalSection
	GlobalSection(ExtensibilityGlobals) = postSolution
		SolutionGuid = {B6A21F31-9A31-4769-A585-9D5A9917B4E3}
	EndGlobalSection
EndGlobal
